
Microsoft Visual Studio Solution File, Format Version 12.00
# Visual Studio Version 17
VisualStudioVersion = 17.11.35312.102
MinimumVisualStudioVersion = 10.0.40219.1
Project("{FAE04EC0-301F-11D3-BF4B-00C04F79EFBC}") = "DTO_Demo", "DTO_Demo.csproj", "{3ECCCA7F-2778-47E7-A45C-7C25A1CE4E89}"
EndProject
Global
	GlobalSection(SolutionConfigurationPlatforms) = preSolution
		Debug|Any CPU = Debug|Any CPU
		Release|Any CPU = Release|Any CPU
	EndGlobalSection
	GlobalSection(ProjectConfigurationPlatforms) = postSolution
		{3ECCCA7F-2778-47E7-A45C-7C25A1CE4E89}.Debug|Any CPU.ActiveCfg = Debug|Any CPU
		{3ECCCA7F-2778-47E7-A45C-7C25A1CE4E89}.Debug|Any CPU.Build.0 = Debug|Any CPU
		{3ECCCA7F-2778-47E7-A45C-7C25A1CE4E89}.Release|Any CPU.ActiveCfg = Release|Any CPU
		{3ECCCA7F-2778-47E7-A45C-7C25A1CE4E89}.Release|Any CPU.Build.0 = Release|Any CPU
	EndGlobalSection
	GlobalSection(SolutionProperties) = preSolution
		HideSolutionNode = FALSE
	EndGlobalSection
	GlobalSection(ExtensibilityGlobals) = postSolution
		SolutionGuid = {4588F490-1ACF-4356-90FC-EE47BA6A1489}
	EndGlobalSection
EndGlobal
