
Microsoft Visual Studio Solution File, Format Version 12.00
# Visual Studio Version 17
VisualStudioVersion = 17.11.35312.102
MinimumVisualStudioVersion = 10.0.40219.1
Project("{FAE04EC0-301F-11D3-BF4B-00C04F79EFBC}") = "SRP_Banking_demo", "SRP_Banking_demo.csproj", "{45114100-FCD2-4C95-941C-FAF4E3AE771C}"
EndProject
Global
	GlobalSection(SolutionConfigurationPlatforms) = preSolution
		Debug|Any CPU = Debug|Any CPU
		Release|Any CPU = Release|Any CPU
	EndGlobalSection
	GlobalSection(ProjectConfigurationPlatforms) = postSolution
		{45114100-FCD2-4C95-941C-FAF4E3AE771C}.Debug|Any CPU.ActiveCfg = Debug|Any CPU
		{45114100-FCD2-4C95-941C-FAF4E3AE771C}.Debug|Any CPU.Build.0 = Debug|Any CPU
		{45114100-FCD2-4C95-941C-FAF4E3AE771C}.Release|Any CPU.ActiveCfg = Release|Any CPU
		{45114100-FCD2-4C95-941C-FAF4E3AE771C}.Release|Any CPU.Build.0 = Release|Any CPU
	EndGlobalSection
	GlobalSection(SolutionProperties) = preSolution
		HideSolutionNode = FALSE
	EndGlobalSection
	GlobalSection(ExtensibilityGlobals) = postSolution
		SolutionGuid = {C2D8EA66-F4C5-40D9-BB86-2EE6CB1A15AD}
	EndGlobalSection
EndGlobal
