
Microsoft Visual Studio Solution File, Format Version 12.00
# Visual Studio Version 17
VisualStudioVersion = 17.11.35312.102
MinimumVisualStudioVersion = 10.0.40219.1
Project("{FAE04EC0-301F-11D3-BF4B-00C04F79EFBC}") = "Assignment_Day_4", "Assignment_Day_4.csproj", "{F4CFD0BD-28F9-46F8-B88B-981EDF220A55}"
EndProject
Global
	GlobalSection(SolutionConfigurationPlatforms) = preSolution
		Debug|Any CPU = Debug|Any CPU
		Release|Any CPU = Release|Any CPU
	EndGlobalSection
	GlobalSection(ProjectConfigurationPlatforms) = postSolution
		{F4CFD0BD-28F9-46F8-B88B-981EDF220A55}.Debug|Any CPU.ActiveCfg = Debug|Any CPU
		{F4CFD0BD-28F9-46F8-B88B-981EDF220A55}.Debug|Any CPU.Build.0 = Debug|Any CPU
		{F4CFD0BD-28F9-46F8-B88B-981EDF220A55}.Release|Any CPU.ActiveCfg = Release|Any CPU
		{F4CFD0BD-28F9-46F8-B88B-981EDF220A55}.Release|Any CPU.Build.0 = Release|Any CPU
	EndGlobalSection
	GlobalSection(SolutionProperties) = preSolution
		HideSolutionNode = FALSE
	EndGlobalSection
	GlobalSection(ExtensibilityGlobals) = postSolution
		SolutionGuid = {1A3BB241-5903-428D-9899-485F933A0D97}
	EndGlobalSection
EndGlobal
