
Microsoft Visual Studio Solution File, Format Version 12.00
# Visual Studio Version 17
VisualStudioVersion = 17.11.35312.102
MinimumVisualStudioVersion = 10.0.40219.1
Project("{FAE04EC0-301F-11D3-BF4B-00C04F79EFBC}") = "RegexDemo", "RegexDemo.csproj", "{41363F60-47FE-44C3-881F-B0EF0E847918}"
EndProject
Global
	GlobalSection(SolutionConfigurationPlatforms) = preSolution
		Debug|Any CPU = Debug|Any CPU
		Release|Any CPU = Release|Any CPU
	EndGlobalSection
	GlobalSection(ProjectConfigurationPlatforms) = postSolution
		{41363F60-47FE-44C3-881F-B0EF0E847918}.Debug|Any CPU.ActiveCfg = Debug|Any CPU
		{41363F60-47FE-44C3-881F-B0EF0E847918}.Debug|Any CPU.Build.0 = Debug|Any CPU
		{41363F60-47FE-44C3-881F-B0EF0E847918}.Release|Any CPU.ActiveCfg = Release|Any CPU
		{41363F60-47FE-44C3-881F-B0EF0E847918}.Release|Any CPU.Build.0 = Release|Any CPU
	EndGlobalSection
	GlobalSection(SolutionProperties) = preSolution
		HideSolutionNode = FALSE
	EndGlobalSection
	GlobalSection(ExtensibilityGlobals) = postSolution
		SolutionGuid = {9BAC26A9-7755-4308-9CFB-9394F2CCBCA1}
	EndGlobalSection
EndGlobal
