
Microsoft Visual Studio Solution File, Format Version 12.00
# Visual Studio Version 17
VisualStudioVersion = 17.11.35312.102
MinimumVisualStudioVersion = 10.0.40219.1
Project("{FAE04EC0-301F-11D3-BF4B-00C04F79EFBC}") = "Assignment_Day4_part3", "Assignment_Day4_part3.csproj", "{A45642B1-46DD-4606-B29A-57E8744B59B7}"
EndProject
Global
	GlobalSection(SolutionConfigurationPlatforms) = preSolution
		Debug|Any CPU = Debug|Any CPU
		Release|Any CPU = Release|Any CPU
	EndGlobalSection
	GlobalSection(ProjectConfigurationPlatforms) = postSolution
		{A45642B1-46DD-4606-B29A-57E8744B59B7}.Debug|Any CPU.ActiveCfg = Debug|Any CPU
		{A45642B1-46DD-4606-B29A-57E8744B59B7}.Debug|Any CPU.Build.0 = Debug|Any CPU
		{A45642B1-46DD-4606-B29A-57E8744B59B7}.Release|Any CPU.ActiveCfg = Release|Any CPU
		{A45642B1-46DD-4606-B29A-57E8744B59B7}.Release|Any CPU.Build.0 = Release|Any CPU
	EndGlobalSection
	GlobalSection(SolutionProperties) = preSolution
		HideSolutionNode = FALSE
	EndGlobalSection
	GlobalSection(ExtensibilityGlobals) = postSolution
		SolutionGuid = {1A0215C7-0C07-42BF-B76C-0DBB0BB6B3D1}
	EndGlobalSection
EndGlobal
