
Microsoft Visual Studio Solution File, Format Version 12.00
# Visual Studio Version 17
VisualStudioVersion = 17.11.35312.102
MinimumVisualStudioVersion = 10.0.40219.1
Project("{FAE04EC0-301F-11D3-BF4B-00C04F79EFBC}") = "Code_first_demo", "Code_first_demo.csproj", "{94B6C0C3-A2E9-4DCD-AA85-C50842C03EC9}"
EndProject
Global
	GlobalSection(SolutionConfigurationPlatforms) = preSolution
		Debug|Any CPU = Debug|Any CPU
		Release|Any CPU = Release|Any CPU
	EndGlobalSection
	GlobalSection(ProjectConfigurationPlatforms) = postSolution
		{94B6C0C3-A2E9-4DCD-AA85-C50842C03EC9}.Debug|Any CPU.ActiveCfg = Debug|Any CPU
		{94B6C0C3-A2E9-4DCD-AA85-C50842C03EC9}.Debug|Any CPU.Build.0 = Debug|Any CPU
		{94B6C0C3-A2E9-4DCD-AA85-C50842C03EC9}.Release|Any CPU.ActiveCfg = Release|Any CPU
		{94B6C0C3-A2E9-4DCD-AA85-C50842C03EC9}.Release|Any CPU.Build.0 = Release|Any CPU
	EndGlobalSection
	GlobalSection(SolutionProperties) = preSolution
		HideSolutionNode = FALSE
	EndGlobalSection
	GlobalSection(ExtensibilityGlobals) = postSolution
		SolutionGuid = {BB709BC0-F672-4EEE-B296-656A80E976B0}
	EndGlobalSection
EndGlobal
