
Microsoft Visual Studio Solution File, Format Version 12.00
# Visual Studio Version 17
VisualStudioVersion = 17.11.35312.102
MinimumVisualStudioVersion = 10.0.40219.1
Project("{FAE04EC0-301F-11D3-BF4B-00C04F79EFBC}") = "Custom_Middleware", "Custom_Middleware.csproj", "{476E2535-BA03-404A-B589-4ABE31BDCCD9}"
EndProject
Global
	GlobalSection(SolutionConfigurationPlatforms) = preSolution
		Debug|Any CPU = Debug|Any CPU
		Release|Any CPU = Release|Any CPU
	EndGlobalSection
	GlobalSection(ProjectConfigurationPlatforms) = postSolution
		{476E2535-BA03-404A-B589-4ABE31BDCCD9}.Debug|Any CPU.ActiveCfg = Debug|Any CPU
		{476E2535-BA03-404A-B589-4ABE31BDCCD9}.Debug|Any CPU.Build.0 = Debug|Any CPU
		{476E2535-BA03-404A-B589-4ABE31BDCCD9}.Release|Any CPU.ActiveCfg = Release|Any CPU
		{476E2535-BA03-404A-B589-4ABE31BDCCD9}.Release|Any CPU.Build.0 = Release|Any CPU
	EndGlobalSection
	GlobalSection(SolutionProperties) = preSolution
		HideSolutionNode = FALSE
	EndGlobalSection
	GlobalSection(ExtensibilityGlobals) = postSolution
		SolutionGuid = {E5309E15-7DBF-4279-8856-00FD32E9BD07}
	EndGlobalSection
EndGlobal
